
Microsoft Visual Studio Solution File, Format Version 12.00
# Visual Studio Version 17
VisualStudioVersion = 17.0.31903.59
MinimumVisualStudioVersion = 10.0.40219.1
Project("{2150E333-8FDC-42A3-9474-1A3956D46DE8}") = "src", "src", "{DE279D72-0BD2-40DB-B71F-4BB49CCAEABB}"
EndProject
Project("{FAE04EC0-301F-11D3-BF4B-00C04F79EFBC}") = "API", "src\API\API.csproj", "{03ABF20A-0440-498E-BB66-FF363696942B}"
EndProject
Project("{FAE04EC0-301F-11D3-BF4B-00C04F79EFBC}") = "Application", "src\Application\Application.csproj", "{B70B0801-D9BF-4EA8-8FB9-2F4D5C6F20E1}"
EndProject
Project("{FAE04EC0-301F-11D3-BF4B-00C04F79EFBC}") = "Domain", "src\Domain\Domain.csproj", "{57337DFA-1286-492A-A47D-2797E2BBBB44}"
EndProject
Project("{FAE04EC0-301F-11D3-BF4B-00C04F79EFBC}") = "Infrastructure", "src\Infrastructure\Infrastructure.csproj", "{235AD62A-9661-4B72-8F49-738A444688EB}"
EndProject
Global
	GlobalSection(SolutionConfigurationPlatforms) = preSolution
		Debug|Any CPU = Debug|Any CPU
		Release|Any CPU = Release|Any CPU
	EndGlobalSection
	GlobalSection(SolutionProperties) = preSolution
		HideSolutionNode = FALSE
	EndGlobalSection
	GlobalSection(ProjectConfigurationPlatforms) = postSolution
		{03ABF20A-0440-498E-BB66-FF363696942B}.Debug|Any CPU.ActiveCfg = Debug|Any CPU
		{03ABF20A-0440-498E-BB66-FF363696942B}.Debug|Any CPU.Build.0 = Debug|Any CPU
		{03ABF20A-0440-498E-BB66-FF363696942B}.Release|Any CPU.ActiveCfg = Release|Any CPU
		{03ABF20A-0440-498E-BB66-FF363696942B}.Release|Any CPU.Build.0 = Release|Any CPU
		{B70B0801-D9BF-4EA8-8FB9-2F4D5C6F20E1}.Debug|Any CPU.ActiveCfg = Debug|Any CPU
		{B70B0801-D9BF-4EA8-8FB9-2F4D5C6F20E1}.Debug|Any CPU.Build.0 = Debug|Any CPU
		{B70B0801-D9BF-4EA8-8FB9-2F4D5C6F20E1}.Release|Any CPU.ActiveCfg = Release|Any CPU
		{B70B0801-D9BF-4EA8-8FB9-2F4D5C6F20E1}.Release|Any CPU.Build.0 = Release|Any CPU
		{57337DFA-1286-492A-A47D-2797E2BBBB44}.Debug|Any CPU.ActiveCfg = Debug|Any CPU
		{57337DFA-1286-492A-A47D-2797E2BBBB44}.Debug|Any CPU.Build.0 = Debug|Any CPU
		{57337DFA-1286-492A-A47D-2797E2BBBB44}.Release|Any CPU.ActiveCfg = Release|Any CPU
		{57337DFA-1286-492A-A47D-2797E2BBBB44}.Release|Any CPU.Build.0 = Release|Any CPU
		{235AD62A-9661-4B72-8F49-738A444688EB}.Debug|Any CPU.ActiveCfg = Debug|Any CPU
		{235AD62A-9661-4B72-8F49-738A444688EB}.Debug|Any CPU.Build.0 = Debug|Any CPU
		{235AD62A-9661-4B72-8F49-738A444688EB}.Release|Any CPU.ActiveCfg = Release|Any CPU
		{235AD62A-9661-4B72-8F49-738A444688EB}.Release|Any CPU.Build.0 = Release|Any CPU
	EndGlobalSection
	GlobalSection(NestedProjects) = preSolution
		{03ABF20A-0440-498E-BB66-FF363696942B} = {DE279D72-0BD2-40DB-B71F-4BB49CCAEABB}
		{B70B0801-D9BF-4EA8-8FB9-2F4D5C6F20E1} = {DE279D72-0BD2-40DB-B71F-4BB49CCAEABB}
		{57337DFA-1286-492A-A47D-2797E2BBBB44} = {DE279D72-0BD2-40DB-B71F-4BB49CCAEABB}
		{235AD62A-9661-4B72-8F49-738A444688EB} = {DE279D72-0BD2-40DB-B71F-4BB49CCAEABB}
	EndGlobalSection
EndGlobal
